
Microsoft Visual Studio Solution File, Format Version 12.00
# Visual Studio Version 17
VisualStudioVersion = 17.10.34928.147
MinimumVisualStudioVersion = 10.0.40219.1
Project("{9A19103F-16F7-4668-BE54-9A1E7A4F7556}") = "DesafioFundamentos", "DesafioFundamentos.csproj", "{424FD8CE-22AF-4953-A7B9-38F2F7A4B0B6}"
EndProject
Global
	GlobalSection(SolutionConfigurationPlatforms) = preSolution
		Debug|Any CPU = Debug|Any CPU
		Release|Any CPU = Release|Any CPU
	EndGlobalSection
	GlobalSection(ProjectConfigurationPlatforms) = postSolution
		{424FD8CE-22AF-4953-A7B9-38F2F7A4B0B6}.Debug|Any CPU.ActiveCfg = Debug|Any CPU
		{424FD8CE-22AF-4953-A7B9-38F2F7A4B0B6}.Debug|Any CPU.Build.0 = Debug|Any CPU
		{424FD8CE-22AF-4953-A7B9-38F2F7A4B0B6}.Release|Any CPU.ActiveCfg = Release|Any CPU
		{424FD8CE-22AF-4953-A7B9-38F2F7A4B0B6}.Release|Any CPU.Build.0 = Release|Any CPU
	EndGlobalSection
	GlobalSection(SolutionProperties) = preSolution
		HideSolutionNode = FALSE
	EndGlobalSection
	GlobalSection(ExtensibilityGlobals) = postSolution
		SolutionGuid = {56082B40-129E-4EBB-BC1A-72A386771085}
	EndGlobalSection
EndGlobal
